
Microsoft Visual Studio Solution File, Format Version 12.00
# Visual Studio Version 17
VisualStudioVersion = 17.4.33213.308
MinimumVisualStudioVersion = 10.0.40219.1
Project("{9A19103F-16F7-4668-BE54-9A1E7A4F7556}") = "CharacterCreation", "CharacterCreation/CharacterCreation.csproj", "{44597CC1-66B0-43A1-9C09-15721291D80B}"
EndProject
Project("{2150E333-8FDC-42A3-9474-1A3956D46DE8}") = "Solution Items", "Solution Items", "{9A5E76ED-6484-4DA8-A443-B3D943E903DD}"
	ProjectSection(SolutionItems) = preProject
		.editorconfig = .editorconfig
	EndProjectSection
EndProject
Project("{FAE04EC0-301F-11D3-BF4B-00C04F79EFBC}") = "CharacterCreation.Implementation", "CharacterCreation.Implementation\CharacterCreation.Implementation.csproj", "{E4269F4E-89DD-4274-89B9-CFA3AE666031}"
EndProject
Project("{FAE04EC0-301F-11D3-BF4B-00C04F79EFBC}") = "CharacterCreations.AdditionalSliders", "CharacterCreations.AdditionalSliders\CharacterCreations.AdditionalSliders.csproj", "{E12621B9-3BBB-4A23-A1B7-4021AE116100}"
EndProject
Global
	GlobalSection(SolutionConfigurationPlatforms) = preSolution
		Debug|Any CPU = Debug|Any CPU
		Release|Any CPU = Release|Any CPU
	EndGlobalSection
	GlobalSection(ProjectConfigurationPlatforms) = postSolution
		{44597CC1-66B0-43A1-9C09-15721291D80B}.Debug|Any CPU.ActiveCfg = Debug|Any CPU
		{44597CC1-66B0-43A1-9C09-15721291D80B}.Debug|Any CPU.Build.0 = Debug|Any CPU
		{44597CC1-66B0-43A1-9C09-15721291D80B}.Release|Any CPU.ActiveCfg = Release|Any CPU
		{44597CC1-66B0-43A1-9C09-15721291D80B}.Release|Any CPU.Build.0 = Release|Any CPU
		{E4269F4E-89DD-4274-89B9-CFA3AE666031}.Debug|Any CPU.ActiveCfg = Debug|Any CPU
		{E4269F4E-89DD-4274-89B9-CFA3AE666031}.Debug|Any CPU.Build.0 = Debug|Any CPU
		{E4269F4E-89DD-4274-89B9-CFA3AE666031}.Release|Any CPU.ActiveCfg = Release|Any CPU
		{E4269F4E-89DD-4274-89B9-CFA3AE666031}.Release|Any CPU.Build.0 = Release|Any CPU
		{E12621B9-3BBB-4A23-A1B7-4021AE116100}.Release|Any CPU.ActiveCfg = Release|Any CPU
		{E12621B9-3BBB-4A23-A1B7-4021AE116100}.Release|Any CPU.Build.0 = Release|Any CPU
		{E12621B9-3BBB-4A23-A1B7-4021AE116100}.Debug|Any CPU.ActiveCfg = Release|Any CPU
		{E12621B9-3BBB-4A23-A1B7-4021AE116100}.Debug|Any CPU.Build.0 = Release|Any CPU
	EndGlobalSection
	GlobalSection(SolutionProperties) = preSolution
		HideSolutionNode = FALSE
	EndGlobalSection
	GlobalSection(ExtensibilityGlobals) = postSolution
		SolutionGuid = {DB044227-1759-492E-9CD8-343452DD5F3C}
	EndGlobalSection
EndGlobal
